// !$*UTF8*$!
{
	archiveVersion = 1;
	classes = {
	};
	objectVersion = 50;
	objects = {

/* Begin PBXBuildFile section */
		5ADCE2F45D6D687E02DFFE3B /* Pods_Enhance.framework in Frameworks */ = {isa = PBXBuildFile; fileRef = 84FDF6C1A7FC316263A4AC03 /* Pods_Enhance.framework */; };
		E85F1D85225EFEAB00AA2283 /* AppDelegate.swift in Sources */ = {isa = PBXBuildFile; fileRef = E85F1D84225EFEAB00AA2283 /* AppDelegate.swift */; };
		E85F1D8C225EFEAD00AA2283 /* Assets.xcassets in Resources */ = {isa = PBXBuildFile; fileRef = E85F1D8B225EFEAD00AA2283 /* Assets.xcassets */; };
		E85F1D98225EFFCC00AA2283 /* LandingPageVC.swift in Sources */ = {isa = PBXBuildFile; fileRef = E85F1D97225EFFCC00AA2283 /* LandingPageVC.swift */; };
		E85F1D9A225F23A700AA2283 /* DiagnoseVC.swift in Sources */ = {isa = PBXBuildFile; fileRef = E85F1D99225F23A700AA2283 /* DiagnoseVC.swift */; };
		E85F1D9C226038CC00AA2283 /* EnterNameVC.swift in Sources */ = {isa = PBXBuildFile; fileRef = E85F1D9B226038CC00AA2283 /* EnterNameVC.swift */; };
		E85F1D9F2260484300AA2283 /* BackButton.swift in Sources */ = {isa = PBXBuildFile; fileRef = E85F1D9E2260484300AA2283 /* BackButton.swift */; };
		E867E570226A978E0073E8A0 /* Pushup.swift in Sources */ = {isa = PBXBuildFile; fileRef = E867E56F226A978E0073E8A0 /* Pushup.swift */; };
		E867E572226A9BAE0073E8A0 /* PlayButton.swift in Sources */ = {isa = PBXBuildFile; fileRef = E867E571226A9BAE0073E8A0 /* PlayButton.swift */; };
		E867E574226A9D630073E8A0 /* ActivitySkeleton.swift in Sources */ = {isa = PBXBuildFile; fileRef = E867E573226A9D630073E8A0 /* ActivitySkeleton.swift */; };
		E89D224E2262F47A00B0D3F5 /* CustomTextField.swift in Sources */ = {isa = PBXBuildFile; fileRef = E89D224D2262F47A00B0D3F5 /* CustomTextField.swift */; };
		E89D22502262FC2700B0D3F5 /* CustomMedButton.swift in Sources */ = {isa = PBXBuildFile; fileRef = E89D224F2262FC2700B0D3F5 /* CustomMedButton.swift */; };
		E89D22522262FC6600B0D3F5 /* CustomLongButton.swift in Sources */ = {isa = PBXBuildFile; fileRef = E89D22512262FC6600B0D3F5 /* CustomLongButton.swift */; };
		E89D22542263060C00B0D3F5 /* WelcomeToEnhanceVC.swift in Sources */ = {isa = PBXBuildFile; fileRef = E89D22532263060C00B0D3F5 /* WelcomeToEnhanceVC.swift */; };
		E89D2256226310DC00B0D3F5 /* TrainVC.swift in Sources */ = {isa = PBXBuildFile; fileRef = E89D2255226310DC00B0D3F5 /* TrainVC.swift */; };
		E89D225C2263134800B0D3F5 /* GoogleService-Info.plist in Resources */ = {isa = PBXBuildFile; fileRef = E89D225B2263134800B0D3F5 /* GoogleService-Info.plist */; };
		E89D225E2264604700B0D3F5 /* User.swift in Sources */ = {isa = PBXBuildFile; fileRef = E89D225D2264604700B0D3F5 /* User.swift */; };
		E89D22642264699F00B0D3F5 /* TrainingCell.swift in Sources */ = {isa = PBXBuildFile; fileRef = E89D22632264699F00B0D3F5 /* TrainingCell.swift */; };
		E89D22662266995F00B0D3F5 /* CoreButton.swift in Sources */ = {isa = PBXBuildFile; fileRef = E89D22652266995F00B0D3F5 /* CoreButton.swift */; };
		E89D22882268138900B0D3F5 /* ScratchWork.swift in Sources */ = {isa = PBXBuildFile; fileRef = E89D22872268138900B0D3F5 /* ScratchWork.swift */; };
		E89D228A2268227300B0D3F5 /* CustomView.swift in Sources */ = {isa = PBXBuildFile; fileRef = E89D22892268227300B0D3F5 /* CustomView.swift */; };
		E89D228C226822C900B0D3F5 /* scrollViewDataStruct.swift in Sources */ = {isa = PBXBuildFile; fileRef = E89D228B226822C900B0D3F5 /* scrollViewDataStruct.swift */; };
		E89D228E2268231A00B0D3F5 /* Engage.swift in Sources */ = {isa = PBXBuildFile; fileRef = E89D228D2268231A00B0D3F5 /* Engage.swift */; };
		E89D229322682AE500B0D3F5 /* TrainingVC.swift in Sources */ = {isa = PBXBuildFile; fileRef = E89D229222682AE500B0D3F5 /* TrainingVC.swift */; };
		E89D229522682D5C00B0D3F5 /* Activity.swift in Sources */ = {isa = PBXBuildFile; fileRef = E89D229422682D5C00B0D3F5 /* Activity.swift */; };
		E8D3AF6D22693FB10045C87A /* PushupMLVC.swift in Sources */ = {isa = PBXBuildFile; fileRef = E8D3AF6C22693FB10045C87A /* PushupMLVC.swift */; };
		E8D3AF7322694A580045C87A /* TabsVC.swift in Sources */ = {isa = PBXBuildFile; fileRef = E8D3AF7222694A580045C87A /* TabsVC.swift */; };
		E8D3AF7A22694B3D0045C87A /* ProfileVC.swift in Sources */ = {isa = PBXBuildFile; fileRef = E8D3AF7922694B3D0045C87A /* ProfileVC.swift */; };
		E8D3AF7D226969D90045C87A /* SqueezeNet.mlmodel in Sources */ = {isa = PBXBuildFile; fileRef = E8D3AF7C226969D90045C87A /* SqueezeNet.mlmodel */; };
		E8D3AF7F22696BB10045C87A /* Resnet50.mlmodel in Sources */ = {isa = PBXBuildFile; fileRef = E8D3AF7E22696BB10045C87A /* Resnet50.mlmodel */; };
/* End PBXBuildFile section */

/* Begin PBXFileReference section */
		79701183BDA11B3FA333244D /* Pods-Enhance.release.xcconfig */ = {isa = PBXFileReference; includeInIndex = 1; lastKnownFileType = text.xcconfig; name = "Pods-Enhance.release.xcconfig"; path = "Target Support Files/Pods-Enhance/Pods-Enhance.release.xcconfig"; sourceTree = "<group>"; };
		80D0ABEA750F7D21ABC69E71 /* Pods-Enhance.debug.xcconfig */ = {isa = PBXFileReference; includeInIndex = 1; lastKnownFileType = text.xcconfig; name = "Pods-Enhance.debug.xcconfig"; path = "Target Support Files/Pods-Enhance/Pods-Enhance.debug.xcconfig"; sourceTree = "<group>"; };
		84FDF6C1A7FC316263A4AC03 /* Pods_Enhance.framework */ = {isa = PBXFileReference; explicitFileType = wrapper.framework; includeInIndex = 0; path = Pods_Enhance.framework; sourceTree = BUILT_PRODUCTS_DIR; };
		E85F1D81225EFEAB00AA2283 /* Enhance.app */ = {isa = PBXFileReference; explicitFileType = wrapper.application; includeInIndex = 0; path = Enhance.app; sourceTree = BUILT_PRODUCTS_DIR; };
		E85F1D84225EFEAB00AA2283 /* AppDelegate.swift */ = {isa = PBXFileReference; lastKnownFileType = sourcecode.swift; path = AppDelegate.swift; sourceTree = "<group>"; };
		E85F1D8B225EFEAD00AA2283 /* Assets.xcassets */ = {isa = PBXFileReference; lastKnownFileType = folder.assetcatalog; path = Assets.xcassets; sourceTree = "<group>"; };
		E85F1D90225EFEAD00AA2283 /* Info.plist */ = {isa = PBXFileReference; lastKnownFileType = text.plist.xml; path = Info.plist; sourceTree = "<group>"; };
		E85F1D97225EFFCC00AA2283 /* LandingPageVC.swift */ = {isa = PBXFileReference; lastKnownFileType = sourcecode.swift; path = LandingPageVC.swift; sourceTree = "<group>"; };
		E85F1D99225F23A700AA2283 /* DiagnoseVC.swift */ = {isa = PBXFileReference; lastKnownFileType = sourcecode.swift; path = DiagnoseVC.swift; sourceTree = "<group>"; };
		E85F1D9B226038CC00AA2283 /* EnterNameVC.swift */ = {isa = PBXFileReference; lastKnownFileType = sourcecode.swift; path = EnterNameVC.swift; sourceTree = "<group>"; };
		E85F1D9E2260484300AA2283 /* BackButton.swift */ = {isa = PBXFileReference; lastKnownFileType = sourcecode.swift; path = BackButton.swift; sourceTree = "<group>"; };
		E867E56F226A978E0073E8A0 /* Pushup.swift */ = {isa = PBXFileReference; lastKnownFileType = sourcecode.swift; path = Pushup.swift; sourceTree = "<group>"; };
		E867E571226A9BAE0073E8A0 /* PlayButton.swift */ = {isa = PBXFileReference; lastKnownFileType = sourcecode.swift; path = PlayButton.swift; sourceTree = "<group>"; };
		E867E573226A9D630073E8A0 /* ActivitySkeleton.swift */ = {isa = PBXFileReference; lastKnownFileType = sourcecode.swift; path = ActivitySkeleton.swift; sourceTree = "<group>"; };
		E89D224D2262F47A00B0D3F5 /* CustomTextField.swift */ = {isa = PBXFileReference; lastKnownFileType = sourcecode.swift; path = CustomTextField.swift; sourceTree = "<group>"; };
		E89D224F2262FC2700B0D3F5 /* CustomMedButton.swift */ = {isa = PBXFileReference; lastKnownFileType = sourcecode.swift; path = CustomMedButton.swift; sourceTree = "<group>"; };
		E89D22512262FC6600B0D3F5 /* CustomLongButton.swift */ = {isa = PBXFileReference; lastKnownFileType = sourcecode.swift; path = CustomLongButton.swift; sourceTree = "<group>"; };
		E89D22532263060C00B0D3F5 /* WelcomeToEnhanceVC.swift */ = {isa = PBXFileReference; lastKnownFileType = sourcecode.swift; path = WelcomeToEnhanceVC.swift; sourceTree = "<group>"; };
		E89D2255226310DC00B0D3F5 /* TrainVC.swift */ = {isa = PBXFileReference; lastKnownFileType = sourcecode.swift; path = TrainVC.swift; sourceTree = "<group>"; };
		E89D225B2263134800B0D3F5 /* GoogleService-Info.plist */ = {isa = PBXFileReference; fileEncoding = 4; lastKnownFileType = text.plist.xml; path = "GoogleService-Info.plist"; sourceTree = SOURCE_ROOT; };
		E89D225D2264604700B0D3F5 /* User.swift */ = {isa = PBXFileReference; lastKnownFileType = sourcecode.swift; path = User.swift; sourceTree = "<group>"; };
		E89D22632264699F00B0D3F5 /* TrainingCell.swift */ = {isa = PBXFileReference; lastKnownFileType = sourcecode.swift; path = TrainingCell.swift; sourceTree = "<group>"; };
		E89D22652266995F00B0D3F5 /* CoreButton.swift */ = {isa = PBXFileReference; lastKnownFileType = sourcecode.swift; path = CoreButton.swift; sourceTree = "<group>"; };
		E89D22872268138900B0D3F5 /* ScratchWork.swift */ = {isa = PBXFileReference; lastKnownFileType = sourcecode.swift; path = ScratchWork.swift; sourceTree = "<group>"; };
		E89D22892268227300B0D3F5 /* CustomView.swift */ = {isa = PBXFileReference; lastKnownFileType = sourcecode.swift; path = CustomView.swift; sourceTree = "<group>"; };
		E89D228B226822C900B0D3F5 /* scrollViewDataStruct.swift */ = {isa = PBXFileReference; lastKnownFileType = sourcecode.swift; path = scrollViewDataStruct.swift; sourceTree = "<group>"; };
		E89D228D2268231A00B0D3F5 /* Engage.swift */ = {isa = PBXFileReference; lastKnownFileType = sourcecode.swift; path = Engage.swift; sourceTree = "<group>"; };
		E89D229222682AE500B0D3F5 /* TrainingVC.swift */ = {isa = PBXFileReference; lastKnownFileType = sourcecode.swift; name = TrainingVC.swift; path = /Users/micahtyong/Desktop/iOS/Projects/EH1/Enhance/Enhance/ViewControllers/TrainingVC.swift; sourceTree = "<absolute>"; };
		E89D229422682D5C00B0D3F5 /* Activity.swift */ = {isa = PBXFileReference; lastKnownFileType = sourcecode.swift; path = Activity.swift; sourceTree = "<group>"; };
		E8D3AF6C22693FB10045C87A /* PushupMLVC.swift */ = {isa = PBXFileReference; lastKnownFileType = sourcecode.swift; path = PushupMLVC.swift; sourceTree = "<group>"; };
		E8D3AF7222694A580045C87A /* TabsVC.swift */ = {isa = PBXFileReference; lastKnownFileType = sourcecode.swift; path = TabsVC.swift; sourceTree = "<group>"; };
		E8D3AF7922694B3D0045C87A /* ProfileVC.swift */ = {isa = PBXFileReference; lastKnownFileType = sourcecode.swift; path = ProfileVC.swift; sourceTree = "<group>"; };
		E8D3AF7C226969D90045C87A /* SqueezeNet.mlmodel */ = {isa = PBXFileReference; lastKnownFileType = file.mlmodel; path = SqueezeNet.mlmodel; sourceTree = "<group>"; };
		E8D3AF7E22696BB10045C87A /* Resnet50.mlmodel */ = {isa = PBXFileReference; lastKnownFileType = file.mlmodel; path = Resnet50.mlmodel; sourceTree = "<group>"; };
/* End PBXFileReference section */

/* Begin PBXFrameworksBuildPhase section */
		E85F1D7E225EFEAB00AA2283 /* Frameworks */ = {
			isa = PBXFrameworksBuildPhase;
			buildActionMask = 2147483647;
			files = (
				5ADCE2F45D6D687E02DFFE3B /* Pods_Enhance.framework in Frameworks */,
			);
			runOnlyForDeploymentPostprocessing = 0;
		};
/* End PBXFrameworksBuildPhase section */

/* Begin PBXGroup section */
		149C3A0728FB66C139A20517 /* Frameworks */ = {
			isa = PBXGroup;
			children = (
				84FDF6C1A7FC316263A4AC03 /* Pods_Enhance.framework */,
			);
			name = Frameworks;
			sourceTree = "<group>";
		};
		E85F1D78225EFEAB00AA2283 = {
			isa = PBXGroup;
			children = (
				E85F1D83225EFEAB00AA2283 /* Enhance */,
				E85F1D82225EFEAB00AA2283 /* Products */,
				EC811920E2BCF89C4B3DDAE1 /* Pods */,
				149C3A0728FB66C139A20517 /* Frameworks */,
			);
			sourceTree = "<group>";
		};
		E85F1D82225EFEAB00AA2283 /* Products */ = {
			isa = PBXGroup;
			children = (
				E85F1D81225EFEAB00AA2283 /* Enhance.app */,
			);
			name = Products;
			sourceTree = "<group>";
		};
		E85F1D83225EFEAB00AA2283 /* Enhance */ = {
			isa = PBXGroup;
			children = (
				E867E56B22697B7C0073E8A0 /* ML */,
				E89D22622264697B00B0D3F5 /* Cells */,
				E85F1D9D2260483300AA2283 /* Models */,
				E85F1D96225EFF7A00AA2283 /* ViewControllers */,
				E89D229122682ABD00B0D3F5 /* Scratch */,
				E85F1D84225EFEAB00AA2283 /* AppDelegate.swift */,
				E85F1D8B225EFEAD00AA2283 /* Assets.xcassets */,
				E85F1D90225EFEAD00AA2283 /* Info.plist */,
				E89D225B2263134800B0D3F5 /* GoogleService-Info.plist */,
			);
			path = Enhance;
			sourceTree = "<group>";
		};
		E85F1D96225EFF7A00AA2283 /* ViewControllers */ = {
			isa = PBXGroup;
			children = (
				E867E56C22697BA00073E8A0 /* Welcome */,
				E867E56D22697BB90073E8A0 /* Main */,
			);
			path = ViewControllers;
			sourceTree = "<group>";
		};
		E85F1D9D2260483300AA2283 /* Models */ = {
			isa = PBXGroup;
			children = (
				E867E56E226A96990073E8A0 /* Object */,
				E89D228F2268247900B0D3F5 /* Buttons */,
				E89D22902268249E00B0D3F5 /* Views */,
			);
			path = Models;
			sourceTree = "<group>";
		};
		E867E56B22697B7C0073E8A0 /* ML */ = {
			isa = PBXGroup;
			children = (
				E8D3AF7C226969D90045C87A /* SqueezeNet.mlmodel */,
				E8D3AF7E22696BB10045C87A /* Resnet50.mlmodel */,
			);
			path = ML;
			sourceTree = "<group>";
		};
		E867E56C22697BA00073E8A0 /* Welcome */ = {
			isa = PBXGroup;
			children = (
				E85F1D97225EFFCC00AA2283 /* LandingPageVC.swift */,
				E85F1D99225F23A700AA2283 /* DiagnoseVC.swift */,
				E85F1D9B226038CC00AA2283 /* EnterNameVC.swift */,
				E89D22532263060C00B0D3F5 /* WelcomeToEnhanceVC.swift */,
			);
			path = Welcome;
			sourceTree = "<group>";
		};
		E867E56D22697BB90073E8A0 /* Main */ = {
			isa = PBXGroup;
			children = (
				E89D229222682AE500B0D3F5 /* TrainingVC.swift */,
				E8D3AF6C22693FB10045C87A /* PushupMLVC.swift */,
				E8D3AF7222694A580045C87A /* TabsVC.swift */,
				E8D3AF7922694B3D0045C87A /* ProfileVC.swift */,
			);
			path = Main;
			sourceTree = "<group>";
		};
		E867E56E226A96990073E8A0 /* Object */ = {
			isa = PBXGroup;
			children = (
				E89D228D2268231A00B0D3F5 /* Engage.swift */,
				E89D225D2264604700B0D3F5 /* User.swift */,
				E89D229422682D5C00B0D3F5 /* Activity.swift */,
				E867E56F226A978E0073E8A0 /* Pushup.swift */,
			);
			path = Object;
			sourceTree = "<group>";
		};
		E89D22622264697B00B0D3F5 /* Cells */ = {
			isa = PBXGroup;
			children = (
				E89D22632264699F00B0D3F5 /* TrainingCell.swift */,
			);
			path = Cells;
			sourceTree = "<group>";
		};
		E89D228F2268247900B0D3F5 /* Buttons */ = {
			isa = PBXGroup;
			children = (
				E85F1D9E2260484300AA2283 /* BackButton.swift */,
				E89D224F2262FC2700B0D3F5 /* CustomMedButton.swift */,
				E89D22512262FC6600B0D3F5 /* CustomLongButton.swift */,
				E89D22652266995F00B0D3F5 /* CoreButton.swift */,
				E867E571226A9BAE0073E8A0 /* PlayButton.swift */,
			);
			path = Buttons;
			sourceTree = "<group>";
		};
		E89D22902268249E00B0D3F5 /* Views */ = {
			isa = PBXGroup;
			children = (
				E867E573226A9D630073E8A0 /* ActivitySkeleton.swift */,
				E89D224D2262F47A00B0D3F5 /* CustomTextField.swift */,
				E89D22892268227300B0D3F5 /* CustomView.swift */,
			);
			path = Views;
			sourceTree = "<group>";
		};
		E89D229122682ABD00B0D3F5 /* Scratch */ = {
			isa = PBXGroup;
			children = (
				E89D228B226822C900B0D3F5 /* scrollViewDataStruct.swift */,
				E89D2255226310DC00B0D3F5 /* TrainVC.swift */,
				E89D22872268138900B0D3F5 /* ScratchWork.swift */,
			);
			path = Scratch;
			sourceTree = "<group>";
		};
		EC811920E2BCF89C4B3DDAE1 /* Pods */ = {
			isa = PBXGroup;
			children = (
				80D0ABEA750F7D21ABC69E71 /* Pods-Enhance.debug.xcconfig */,
				79701183BDA11B3FA333244D /* Pods-Enhance.release.xcconfig */,
			);
			path = Pods;
			sourceTree = "<group>";
		};
/* End PBXGroup section */

/* Begin PBXNativeTarget section */
		E85F1D80225EFEAB00AA2283 /* Enhance */ = {
			isa = PBXNativeTarget;
			buildConfigurationList = E85F1D93225EFEAD00AA2283 /* Build configuration list for PBXNativeTarget "Enhance" */;
			buildPhases = (
				427B914E3E969279223BBCFE /* [CP] Check Pods Manifest.lock */,
				E85F1D7D225EFEAB00AA2283 /* Sources */,
				E85F1D7E225EFEAB00AA2283 /* Frameworks */,
				E85F1D7F225EFEAB00AA2283 /* Resources */,
				2A4954AE6E538D9851B2F972 /* [CP] Embed Pods Frameworks */,
			);
			buildRules = (
			);
			dependencies = (
			);
			name = Enhance;
			productName = Enhance;
			productReference = E85F1D81225EFEAB00AA2283 /* Enhance.app */;
			productType = "com.apple.product-type.application";
		};
/* End PBXNativeTarget section */

/* Begin PBXProject section */
		E85F1D79225EFEAB00AA2283 /* Project object */ = {
			isa = PBXProject;
			attributes = {
				LastSwiftUpdateCheck = 1020;
				LastUpgradeCheck = 1020;
				ORGANIZATIONNAME = "Micah Yong";
				TargetAttributes = {
					E85F1D80225EFEAB00AA2283 = {
						CreatedOnToolsVersion = 10.2;
					};
				};
			};
			buildConfigurationList = E85F1D7C225EFEAB00AA2283 /* Build configuration list for PBXProject "Enhance" */;
			compatibilityVersion = "Xcode 9.3";
			developmentRegion = en;
			hasScannedForEncodings = 0;
			knownRegions = (
				en,
				Base,
			);
			mainGroup = E85F1D78225EFEAB00AA2283;
			productRefGroup = E85F1D82225EFEAB00AA2283 /* Products */;
			projectDirPath = "";
			projectRoot = "";
			targets = (
				E85F1D80225EFEAB00AA2283 /* Enhance */,
			);
		};
/* End PBXProject section */

/* Begin PBXResourcesBuildPhase section */
		E85F1D7F225EFEAB00AA2283 /* Resources */ = {
			isa = PBXResourcesBuildPhase;
			buildActionMask = 2147483647;
			files = (
				E85F1D8C225EFEAD00AA2283 /* Assets.xcassets in Resources */,
				E89D225C2263134800B0D3F5 /* GoogleService-Info.plist in Resources */,
			);
			runOnlyForDeploymentPostprocessing = 0;
		};
/* End PBXResourcesBuildPhase section */

/* Begin PBXShellScriptBuildPhase section */
		2A4954AE6E538D9851B2F972 /* [CP] Embed Pods Frameworks */ = {
			isa = PBXShellScriptBuildPhase;
			buildActionMask = 2147483647;
			files = (
			);
			inputFileListPaths = (
			);
			inputPaths = (
				"${PODS_ROOT}/Target Support Files/Pods-Enhance/Pods-Enhance-frameworks.sh",
				"${BUILT_PRODUCTS_DIR}/Counter/Counter.framework",
				"${BUILT_PRODUCTS_DIR}/DynamicBlurView/DynamicBlurView.framework",
				"${BUILT_PRODUCTS_DIR}/GTMSessionFetcher/GTMSessionFetcher.framework",
				"${BUILT_PRODUCTS_DIR}/GoogleUtilities/GoogleUtilities.framework",
				"${BUILT_PRODUCTS_DIR}/Hero/Hero.framework",
				"${BUILT_PRODUCTS_DIR}/PopupDialog/PopupDialog.framework",
				"${BUILT_PRODUCTS_DIR}/SkeletonView/SkeletonView.framework",
				"${BUILT_PRODUCTS_DIR}/leveldb-library/leveldb.framework",
				"${BUILT_PRODUCTS_DIR}/nanopb/nanopb.framework",
			);
			name = "[CP] Embed Pods Frameworks";
			outputFileListPaths = (
			);
			outputPaths = (
				"${TARGET_BUILD_DIR}/${FRAMEWORKS_FOLDER_PATH}/Counter.framework",
				"${TARGET_BUILD_DIR}/${FRAMEWORKS_FOLDER_PATH}/DynamicBlurView.framework",
				"${TARGET_BUILD_DIR}/${FRAMEWORKS_FOLDER_PATH}/GTMSessionFetcher.framework",
				"${TARGET_BUILD_DIR}/${FRAMEWORKS_FOLDER_PATH}/GoogleUtilities.framework",
				"${TARGET_BUILD_DIR}/${FRAMEWORKS_FOLDER_PATH}/Hero.framework",
				"${TARGET_BUILD_DIR}/${FRAMEWORKS_FOLDER_PATH}/PopupDialog.framework",
				"${TARGET_BUILD_DIR}/${FRAMEWORKS_FOLDER_PATH}/SkeletonView.framework",
				"${TARGET_BUILD_DIR}/${FRAMEWORKS_FOLDER_PATH}/leveldb.framework",
				"${TARGET_BUILD_DIR}/${FRAMEWORKS_FOLDER_PATH}/nanopb.framework",
			);
			runOnlyForDeploymentPostprocessing = 0;
			shellPath = /bin/sh;
			shellScript = "\"${PODS_ROOT}/Target Support Files/Pods-Enhance/Pods-Enhance-frameworks.sh\"\n";
			showEnvVarsInLog = 0;
		};
		427B914E3E969279223BBCFE /* [CP] Check Pods Manifest.lock */ = {
			isa = PBXShellScriptBuildPhase;
			buildActionMask = 2147483647;
			files = (
			);
			inputFileListPaths = (
			);
			inputPaths = (
				"${PODS_PODFILE_DIR_PATH}/Podfile.lock",
				"${PODS_ROOT}/Manifest.lock",
			);
			name = "[CP] Check Pods Manifest.lock";
			outputFileListPaths = (
			);
			outputPaths = (
				"$(DERIVED_FILE_DIR)/Pods-Enhance-checkManifestLockResult.txt",
			);
			runOnlyForDeploymentPostprocessing = 0;
			shellPath = /bin/sh;
			shellScript = "diff \"${PODS_PODFILE_DIR_PATH}/Podfile.lock\" \"${PODS_ROOT}/Manifest.lock\" > /dev/null\nif [ $? != 0 ] ; then\n    # print error to STDERR\n    echo \"error: The sandbox is not in sync with the Podfile.lock. Run 'pod install' or update your CocoaPods installation.\" >&2\n    exit 1\nfi\n# This output is used by Xcode 'outputs' to avoid re-running this script phase.\necho \"SUCCESS\" > \"${SCRIPT_OUTPUT_FILE_0}\"\n";
			showEnvVarsInLog = 0;
		};
/* End PBXShellScriptBuildPhase section */

/* Begin PBXSourcesBuildPhase section */
		E85F1D7D225EFEAB00AA2283 /* Sources */ = {
			isa = PBXSourcesBuildPhase;
			buildActionMask = 2147483647;
			files = (
				E89D228E2268231A00B0D3F5 /* Engage.swift in Sources */,
				E89D228A2268227300B0D3F5 /* CustomView.swift in Sources */,
				E867E574226A9D630073E8A0 /* ActivitySkeleton.swift in Sources */,
				E8D3AF6D22693FB10045C87A /* PushupMLVC.swift in Sources */,
				E89D22522262FC6600B0D3F5 /* CustomLongButton.swift in Sources */,
				E8D3AF7322694A580045C87A /* TabsVC.swift in Sources */,
				E85F1D9C226038CC00AA2283 /* EnterNameVC.swift in Sources */,
				E85F1D98225EFFCC00AA2283 /* LandingPageVC.swift in Sources */,
				E89D224E2262F47A00B0D3F5 /* CustomTextField.swift in Sources */,
				E89D22662266995F00B0D3F5 /* CoreButton.swift in Sources */,
				E89D22502262FC2700B0D3F5 /* CustomMedButton.swift in Sources */,
				E89D229322682AE500B0D3F5 /* TrainingVC.swift in Sources */,
				E89D229522682D5C00B0D3F5 /* Activity.swift in Sources */,
				E89D22542263060C00B0D3F5 /* WelcomeToEnhanceVC.swift in Sources */,
				E85F1D85225EFEAB00AA2283 /* AppDelegate.swift in Sources */,
				E89D2256226310DC00B0D3F5 /* TrainVC.swift in Sources */,
				E85F1D9A225F23A700AA2283 /* DiagnoseVC.swift in Sources */,
				E89D22642264699F00B0D3F5 /* TrainingCell.swift in Sources */,
				E867E570226A978E0073E8A0 /* Pushup.swift in Sources */,
				E85F1D9F2260484300AA2283 /* BackButton.swift in Sources */,
				E867E572226A9BAE0073E8A0 /* PlayButton.swift in Sources */,
				E89D225E2264604700B0D3F5 /* User.swift in Sources */,
				E89D228C226822C900B0D3F5 /* scrollViewDataStruct.swift in Sources */,
				E8D3AF7A22694B3D0045C87A /* ProfileVC.swift in Sources */,
				E89D22882268138900B0D3F5 /* ScratchWork.swift in Sources */,
				E8D3AF7F22696BB10045C87A /* Resnet50.mlmodel in Sources */,
				E8D3AF7D226969D90045C87A /* SqueezeNet.mlmodel in Sources */,
			);
			runOnlyForDeploymentPostprocessing = 0;
		};
/* End PBXSourcesBuildPhase section */

/* Begin XCBuildConfiguration section */
		E85F1D91225EFEAD00AA2283 /* Debug */ = {
			isa = XCBuildConfiguration;
			buildSettings = {
				ALWAYS_SEARCH_USER_PATHS = NO;
				CLANG_ANALYZER_NONNULL = YES;
				CLANG_ANALYZER_NUMBER_OBJECT_CONVERSION = YES_AGGRESSIVE;
				CLANG_CXX_LANGUAGE_STANDARD = "gnu++14";
				CLANG_CXX_LIBRARY = "libc++";
				CLANG_ENABLE_MODULES = YES;
				CLANG_ENABLE_OBJC_ARC = YES;
				CLANG_ENABLE_OBJC_WEAK = YES;
				CLANG_WARN_BLOCK_CAPTURE_AUTORELEASING = YES;
				CLANG_WARN_BOOL_CONVERSION = YES;
				CLANG_WARN_COMMA = YES;
				CLANG_WARN_CONSTANT_CONVERSION = YES;
				CLANG_WARN_DEPRECATED_OBJC_IMPLEMENTATIONS = YES;
				CLANG_WARN_DIRECT_OBJC_ISA_USAGE = YES_ERROR;
				CLANG_WARN_DOCUMENTATION_COMMENTS = YES;
				CLANG_WARN_EMPTY_BODY = YES;
				CLANG_WARN_ENUM_CONVERSION = YES;
				CLANG_WARN_INFINITE_RECURSION = YES;
				CLANG_WARN_INT_CONVERSION = YES;
				CLANG_WARN_NON_LITERAL_NULL_CONVERSION = YES;
				CLANG_WARN_OBJC_IMPLICIT_RETAIN_SELF = YES;
				CLANG_WARN_OBJC_LITERAL_CONVERSION = YES;
				CLANG_WARN_OBJC_ROOT_CLASS = YES_ERROR;
				CLANG_WARN_RANGE_LOOP_ANALYSIS = YES;
				CLANG_WARN_STRICT_PROTOTYPES = YES;
				CLANG_WARN_SUSPICIOUS_MOVE = YES;
				CLANG_WARN_UNGUARDED_AVAILABILITY = YES_AGGRESSIVE;
				CLANG_WARN_UNREACHABLE_CODE = YES;
				CLANG_WARN__DUPLICATE_METHOD_MATCH = YES;
				CODE_SIGN_IDENTITY = "iPhone Developer";
				COPY_PHASE_STRIP = NO;
				DEBUG_INFORMATION_FORMAT = dwarf;
				ENABLE_STRICT_OBJC_MSGSEND = YES;
				ENABLE_TESTABILITY = YES;
				GCC_C_LANGUAGE_STANDARD = gnu11;
				GCC_DYNAMIC_NO_PIC = NO;
				GCC_NO_COMMON_BLOCKS = YES;
				GCC_OPTIMIZATION_LEVEL = 0;
				GCC_PREPROCESSOR_DEFINITIONS = (
					"DEBUG=1",
					"$(inherited)",
				);
				GCC_WARN_64_TO_32_BIT_CONVERSION = YES;
				GCC_WARN_ABOUT_RETURN_TYPE = YES_ERROR;
				GCC_WARN_UNDECLARED_SELECTOR = YES;
				GCC_WARN_UNINITIALIZED_AUTOS = YES_AGGRESSIVE;
				GCC_WARN_UNUSED_FUNCTION = YES;
				GCC_WARN_UNUSED_VARIABLE = YES;
				IPHONEOS_DEPLOYMENT_TARGET = 12.2;
				MTL_ENABLE_DEBUG_INFO = INCLUDE_SOURCE;
				MTL_FAST_MATH = YES;
				ONLY_ACTIVE_ARCH = YES;
				SDKROOT = iphoneos;
				SWIFT_ACTIVE_COMPILATION_CONDITIONS = DEBUG;
				SWIFT_OPTIMIZATION_LEVEL = "-Onone";
			};
			name = Debug;
		};
		E85F1D92225EFEAD00AA2283 /* Release */ = {
			isa = XCBuildConfiguration;
			buildSettings = {
				ALWAYS_SEARCH_USER_PATHS = NO;
				CLANG_ANALYZER_NONNULL = YES;
				CLANG_ANALYZER_NUMBER_OBJECT_CONVERSION = YES_AGGRESSIVE;
				CLANG_CXX_LANGUAGE_STANDARD = "gnu++14";
				CLANG_CXX_LIBRARY = "libc++";
				CLANG_ENABLE_MODULES = YES;
				CLANG_ENABLE_OBJC_ARC = YES;
				CLANG_ENABLE_OBJC_WEAK = YES;
				CLANG_WARN_BLOCK_CAPTURE_AUTORELEASING = YES;
				CLANG_WARN_BOOL_CONVERSION = YES;
				CLANG_WARN_COMMA = YES;
				CLANG_WARN_CONSTANT_CONVERSION = YES;
				CLANG_WARN_DEPRECATED_OBJC_IMPLEMENTATIONS = YES;
				CLANG_WARN_DIRECT_OBJC_ISA_USAGE = YES_ERROR;
				CLANG_WARN_DOCUMENTATION_COMMENTS = YES;
				CLANG_WARN_EMPTY_BODY = YES;
				CLANG_WARN_ENUM_CONVERSION = YES;
				CLANG_WARN_INFINITE_RECURSION = YES;
				CLANG_WARN_INT_CONVERSION = YES;
				CLANG_WARN_NON_LITERAL_NULL_CONVERSION = YES;
				CLANG_WARN_OBJC_IMPLICIT_RETAIN_SELF = YES;
				CLANG_WARN_OBJC_LITERAL_CONVERSION = YES;
				CLANG_WARN_OBJC_ROOT_CLASS = YES_ERROR;
				CLANG_WARN_RANGE_LOOP_ANALYSIS = YES;
				CLANG_WARN_STRICT_PROTOTYPES = YES;
				CLANG_WARN_SUSPICIOUS_MOVE = YES;
				CLANG_WARN_UNGUARDED_AVAILABILITY = YES_AGGRESSIVE;
				CLANG_WARN_UNREACHABLE_CODE = YES;
				CLANG_WARN__DUPLICATE_METHOD_MATCH = YES;
				CODE_SIGN_IDENTITY = "iPhone Developer";
				COPY_PHASE_STRIP = NO;
				DEBUG_INFORMATION_FORMAT = "dwarf-with-dsym";
				ENABLE_NS_ASSERTIONS = NO;
				ENABLE_STRICT_OBJC_MSGSEND = YES;
				GCC_C_LANGUAGE_STANDARD = gnu11;
				GCC_NO_COMMON_BLOCKS = YES;
				GCC_WARN_64_TO_32_BIT_CONVERSION = YES;
				GCC_WARN_ABOUT_RETURN_TYPE = YES_ERROR;
				GCC_WARN_UNDECLARED_SELECTOR = YES;
				GCC_WARN_UNINITIALIZED_AUTOS = YES_AGGRESSIVE;
				GCC_WARN_UNUSED_FUNCTION = YES;
				GCC_WARN_UNUSED_VARIABLE = YES;
				IPHONEOS_DEPLOYMENT_TARGET = 12.2;
				MTL_ENABLE_DEBUG_INFO = NO;
				MTL_FAST_MATH = YES;
				SDKROOT = iphoneos;
				SWIFT_COMPILATION_MODE = wholemodule;
				SWIFT_OPTIMIZATION_LEVEL = "-O";
				VALIDATE_PRODUCT = YES;
			};
			name = Release;
		};
		E85F1D94225EFEAD00AA2283 /* Debug */ = {
			isa = XCBuildConfiguration;
			baseConfigurationReference = 80D0ABEA750F7D21ABC69E71 /* Pods-Enhance.debug.xcconfig */;
			buildSettings = {
				ASSETCATALOG_COMPILER_APPICON_NAME = enhanceLogo;
				CODE_SIGN_STYLE = Automatic;
				DEVELOPMENT_TEAM = Y88B368L4C;
				INFOPLIST_FILE = Enhance/Info.plist;
				LD_RUNPATH_SEARCH_PATHS = (
					"$(inherited)",
					"@executable_path/Frameworks",
				);
				PRODUCT_BUNDLE_IDENTIFIER = com.projectsbymicah.Enhance;
				PRODUCT_NAME = "$(TARGET_NAME)";
				SWIFT_VERSION = 5.0;
				TARGETED_DEVICE_FAMILY = "1,2";
			};
			name = Debug;
		};
		E85F1D95225EFEAD00AA2283 /* Release */ = {
			isa = XCBuildConfiguration;
			baseConfigurationReference = 79701183BDA11B3FA333244D /* Pods-Enhance.release.xcconfig */;
			buildSettings = {
				ASSETCATALOG_COMPILER_APPICON_NAME = enhanceLogo;
				CODE_SIGN_STYLE = Automatic;
				DEVELOPMENT_TEAM = Y88B368L4C;
				INFOPLIST_FILE = Enhance/Info.plist;
				LD_RUNPATH_SEARCH_PATHS = (
					"$(inherited)",
					"@executable_path/Frameworks",
				);
				PRODUCT_BUNDLE_IDENTIFIER = com.projectsbymicah.Enhance;
				PRODUCT_NAME = "$(TARGET_NAME)";
				SWIFT_VERSION = 5.0;
				TARGETED_DEVICE_FAMILY = "1,2";
			};
			name = Release;
		};
/* End XCBuildConfiguration section */

/* Begin XCConfigurationList section */
		E85F1D7C225EFEAB00AA2283 /* Build configuration list for PBXProject "Enhance" */ = {
			isa = XCConfigurationList;
			buildConfigurations = (
				E85F1D91225EFEAD00AA2283 /* Debug */,
				E85F1D92225EFEAD00AA2283 /* Release */,
			);
			defaultConfigurationIsVisible = 0;
			defaultConfigurationName = Release;
		};
		E85F1D93225EFEAD00AA2283 /* Build configuration list for PBXNativeTarget "Enhance" */ = {
			isa = XCConfigurationList;
			buildConfigurations = (
				E85F1D94225EFEAD00AA2283 /* Debug */,
				E85F1D95225EFEAD00AA2283 /* Release */,
			);
			defaultConfigurationIsVisible = 0;
			defaultConfigurationName = Release;
		};
/* End XCConfigurationList section */
	};
	rootObject = E85F1D79225EFEAB00AA2283 /* Project object */;
}
